
Microsoft Visual Studio Solution File, Format Version 12.00
# Visual Studio 15
VisualStudioVersion = 15.0.28010.2041
MinimumVisualStudioVersion = 10.0.40219.1
Project("{FAE04EC0-301F-11D3-BF4B-00C04F79EFBC}") = "TestVS", "TestVS\TestVS.csproj", "{C8B9479E-A294-40BE-B9C5-E77E9F292C4C}"
EndProject
Global
	GlobalSection(SolutionConfigurationPlatforms) = preSolution
		Debug|Any CPU = Debug|Any CPU
		Release|Any CPU = Release|Any CPU
	EndGlobalSection
	GlobalSection(ProjectConfigurationPlatforms) = postSolution
		{C8B9479E-A294-40BE-B9C5-E77E9F292C4C}.Debug|Any CPU.ActiveCfg = Debug|Any CPU
		{C8B9479E-A294-40BE-B9C5-E77E9F292C4C}.Debug|Any CPU.Build.0 = Debug|Any CPU
		{C8B9479E-A294-40BE-B9C5-E77E9F292C4C}.Release|Any CPU.ActiveCfg = Release|Any CPU
		{C8B9479E-A294-40BE-B9C5-E77E9F292C4C}.Release|Any CPU.Build.0 = Release|Any CPU
	EndGlobalSection
	GlobalSection(SolutionProperties) = preSolution
		HideSolutionNode = FALSE
	EndGlobalSection
	GlobalSection(ExtensibilityGlobals) = postSolution
		SolutionGuid = {74142D24-6188-4F99-8D03-6AEBEF5F0377}
	EndGlobalSection
EndGlobal
